// !$*UTF8*$!
{
	archiveVersion = 1;
	classes = {
	};
	objectVersion = 56;
	objects = {

/* Begin PBXBuildFile section */
		6811748A2BF28E5A00C28162 /* emoji_loverApp.swift in Sources */ = {isa = PBXBuildFile; fileRef = 681174892BF28E5A00C28162 /* emoji_loverApp.swift */; };
		6811748C2BF28E5A00C28162 /* ContentView.swift in Sources */ = {isa = PBXBuildFile; fileRef = 6811748B2BF28E5A00C28162 /* ContentView.swift */; };
		6811748E2BF28E5A00C28162 /* Assets.xcassets in Resources */ = {isa = PBXBuildFile; fileRef = 6811748D2BF28E5A00C28162 /* Assets.xcassets */; };
		681174912BF28E5A00C28162 /* Preview Assets.xcassets in Resources */ = {isa = PBXBuildFile; fileRef = 681174902BF28E5A00C28162 /* Preview Assets.xcassets */; };
		6811749B2BF28E5A00C28162 /* emoji_loverTests.swift in Sources */ = {isa = PBXBuildFile; fileRef = 6811749A2BF28E5A00C28162 /* emoji_loverTests.swift */; };
		681174A52BF28E5A00C28162 /* emoji_loverUITests.swift in Sources */ = {isa = PBXBuildFile; fileRef = 681174A42BF28E5A00C28162 /* emoji_loverUITests.swift */; };
		681174A72BF28E5A00C28162 /* emoji_loverUITestsLaunchTests.swift in Sources */ = {isa = PBXBuildFile; fileRef = 681174A62BF28E5A00C28162 /* emoji_loverUITestsLaunchTests.swift */; };
/* End PBXBuildFile section */

/* Begin PBXContainerItemProxy section */
		681174972BF28E5A00C28162 /* PBXContainerItemProxy */ = {
			isa = PBXContainerItemProxy;
			containerPortal = 6811747E2BF28E5A00C28162 /* Project object */;
			proxyType = 1;
			remoteGlobalIDString = 681174852BF28E5A00C28162;
			remoteInfo = "emoji lover";
		};
		681174A12BF28E5A00C28162 /* PBXContainerItemProxy */ = {
			isa = PBXContainerItemProxy;
			containerPortal = 6811747E2BF28E5A00C28162 /* Project object */;
			proxyType = 1;
			remoteGlobalIDString = 681174852BF28E5A00C28162;
			remoteInfo = "emoji lover";
		};
/* End PBXContainerItemProxy section */

/* Begin PBXFileReference section */
		681174862BF28E5A00C28162 /* emoji lover.app */ = {isa = PBXFileReference; explicitFileType = wrapper.application; includeInIndex = 0; path = "emoji lover.app"; sourceTree = BUILT_PRODUCTS_DIR; };
		681174892BF28E5A00C28162 /* emoji_loverApp.swift */ = {isa = PBXFileReference; lastKnownFileType = sourcecode.swift; path = emoji_loverApp.swift; sourceTree = "<group>"; };
		6811748B2BF28E5A00C28162 /* ContentView.swift */ = {isa = PBXFileReference; lastKnownFileType = sourcecode.swift; path = ContentView.swift; sourceTree = "<group>"; };
		6811748D2BF28E5A00C28162 /* Assets.xcassets */ = {isa = PBXFileReference; lastKnownFileType = folder.assetcatalog; path = Assets.xcassets; sourceTree = "<group>"; };
		681174902BF28E5A00C28162 /* Preview Assets.xcassets */ = {isa = PBXFileReference; lastKnownFileType = folder.assetcatalog; path = "Preview Assets.xcassets"; sourceTree = "<group>"; };
		681174962BF28E5A00C28162 /* emoji loverTests.xctest */ = {isa = PBXFileReference; explicitFileType = wrapper.cfbundle; includeInIndex = 0; path = "emoji loverTests.xctest"; sourceTree = BUILT_PRODUCTS_DIR; };
		6811749A2BF28E5A00C28162 /* emoji_loverTests.swift */ = {isa = PBXFileReference; lastKnownFileType = sourcecode.swift; path = emoji_loverTests.swift; sourceTree = "<group>"; };
		681174A02BF28E5A00C28162 /* emoji loverUITests.xctest */ = {isa = PBXFileReference; explicitFileType = wrapper.cfbundle; includeInIndex = 0; path = "emoji loverUITests.xctest"; sourceTree = BUILT_PRODUCTS_DIR; };
		681174A42BF28E5A00C28162 /* emoji_loverUITests.swift */ = {isa = PBXFileReference; lastKnownFileType = sourcecode.swift; path = emoji_loverUITests.swift; sourceTree = "<group>"; };
		681174A62BF28E5A00C28162 /* emoji_loverUITestsLaunchTests.swift */ = {isa = PBXFileReference; lastKnownFileType = sourcecode.swift; path = emoji_loverUITestsLaunchTests.swift; sourceTree = "<group>"; };
/* End PBXFileReference section */

/* Begin PBXFrameworksBuildPhase section */
		681174832BF28E5A00C28162 /* Frameworks */ = {
			isa = PBXFrameworksBuildPhase;
			buildActionMask = 2147483647;
			files = (
			);
			runOnlyForDeploymentPostprocessing = 0;
		};
		681174932BF28E5A00C28162 /* Frameworks */ = {
			isa = PBXFrameworksBuildPhase;
			buildActionMask = 2147483647;
			files = (
			);
			runOnlyForDeploymentPostprocessing = 0;
		};
		6811749D2BF28E5A00C28162 /* Frameworks */ = {
			isa = PBXFrameworksBuildPhase;
			buildActionMask = 2147483647;
			files = (
			);
			runOnlyForDeploymentPostprocessing = 0;
		};
/* End PBXFrameworksBuildPhase section */

/* Begin PBXGroup section */
		6811747D2BF28E5A00C28162 = {
			isa = PBXGroup;
			children = (
				681174882BF28E5A00C28162 /* emoji lover */,
				681174992BF28E5A00C28162 /* emoji loverTests */,
				681174A32BF28E5A00C28162 /* emoji loverUITests */,
				681174872BF28E5A00C28162 /* Products */,
			);
			sourceTree = "<group>";
		};
		681174872BF28E5A00C28162 /* Products */ = {
			isa = PBXGroup;
			children = (
				681174862BF28E5A00C28162 /* emoji lover.app */,
				681174962BF28E5A00C28162 /* emoji loverTests.xctest */,
				681174A02BF28E5A00C28162 /* emoji loverUITests.xctest */,
			);
			name = Products;
			sourceTree = "<group>";
		};
		681174882BF28E5A00C28162 /* emoji lover */ = {
			isa = PBXGroup;
			children = (
				681174892BF28E5A00C28162 /* emoji_loverApp.swift */,
				6811748B2BF28E5A00C28162 /* ContentView.swift */,
				6811748D2BF28E5A00C28162 /* Assets.xcassets */,
				6811748F2BF28E5A00C28162 /* Preview Content */,
			);
			path = "emoji lover";
			sourceTree = "<group>";
		};
		6811748F2BF28E5A00C28162 /* Preview Content */ = {
			isa = PBXGroup;
			children = (
				681174902BF28E5A00C28162 /* Preview Assets.xcassets */,
			);
			path = "Preview Content";
			sourceTree = "<group>";
		};
		681174992BF28E5A00C28162 /* emoji loverTests */ = {
			isa = PBXGroup;
			children = (
				6811749A2BF28E5A00C28162 /* emoji_loverTests.swift */,
			);
			path = "emoji loverTests";
			sourceTree = "<group>";
		};
		681174A32BF28E5A00C28162 /* emoji loverUITests */ = {
			isa = PBXGroup;
			children = (
				681174A42BF28E5A00C28162 /* emoji_loverUITests.swift */,
				681174A62BF28E5A00C28162 /* emoji_loverUITestsLaunchTests.swift */,
			);
			path = "emoji loverUITests";
			sourceTree = "<group>";
		};
/* End PBXGroup section */

/* Begin PBXNativeTarget section */
		681174852BF28E5A00C28162 /* emoji lover */ = {
			isa = PBXNativeTarget;
			buildConfigurationList = 681174AA2BF28E5A00C28162 /* Build configuration list for PBXNativeTarget "emoji lover" */;
			buildPhases = (
				681174822BF28E5A00C28162 /* Sources */,
				681174832BF28E5A00C28162 /* Frameworks */,
				681174842BF28E5A00C28162 /* Resources */,
			);
			buildRules = (
			);
			dependencies = (
			);
			name = "emoji lover";
			productName = "emoji lover";
			productReference = 681174862BF28E5A00C28162 /* emoji lover.app */;
			productType = "com.apple.product-type.application";
		};
		681174952BF28E5A00C28162 /* emoji loverTests */ = {
			isa = PBXNativeTarget;
			buildConfigurationList = 681174AD2BF28E5A00C28162 /* Build configuration list for PBXNativeTarget "emoji loverTests" */;
			buildPhases = (
				681174922BF28E5A00C28162 /* Sources */,
				681174932BF28E5A00C28162 /* Frameworks */,
				681174942BF28E5A00C28162 /* Resources */,
			);
			buildRules = (
			);
			dependencies = (
				681174982BF28E5A00C28162 /* PBXTargetDependency */,
			);
			name = "emoji loverTests";
			productName = "emoji loverTests";
			productReference = 681174962BF28E5A00C28162 /* emoji loverTests.xctest */;
			productType = "com.apple.product-type.bundle.unit-test";
		};
		6811749F2BF28E5A00C28162 /* emoji loverUITests */ = {
			isa = PBXNativeTarget;
			buildConfigurationList = 681174B02BF28E5A00C28162 /* Build configuration list for PBXNativeTarget "emoji loverUITests" */;
			buildPhases = (
				6811749C2BF28E5A00C28162 /* Sources */,
				6811749D2BF28E5A00C28162 /* Frameworks */,
				6811749E2BF28E5A00C28162 /* Resources */,
			);
			buildRules = (
			);
			dependencies = (
				681174A22BF28E5A00C28162 /* PBXTargetDependency */,
			);
			name = "emoji loverUITests";
			productName = "emoji loverUITests";
			productReference = 681174A02BF28E5A00C28162 /* emoji loverUITests.xctest */;
			productType = "com.apple.product-type.bundle.ui-testing";
		};
/* End PBXNativeTarget section */

/* Begin PBXProject section */
		6811747E2BF28E5A00C28162 /* Project object */ = {
			isa = PBXProject;
			attributes = {
				BuildIndependentTargetsInParallel = 1;
				LastSwiftUpdateCheck = 1530;
				LastUpgradeCheck = 1530;
				TargetAttributes = {
					681174852BF28E5A00C28162 = {
						CreatedOnToolsVersion = 15.3;
					};
					681174952BF28E5A00C28162 = {
						CreatedOnToolsVersion = 15.3;
						TestTargetID = 681174852BF28E5A00C28162;
					};
					6811749F2BF28E5A00C28162 = {
						CreatedOnToolsVersion = 15.3;
						TestTargetID = 681174852BF28E5A00C28162;
					};
				};
			};
			buildConfigurationList = 681174812BF28E5A00C28162 /* Build configuration list for PBXProject "emoji lover" */;
			compatibilityVersion = "Xcode 14.0";
			developmentRegion = en;
			hasScannedForEncodings = 0;
			knownRegions = (
				en,
				Base,
			);
			mainGroup = 6811747D2BF28E5A00C28162;
			productRefGroup = 681174872BF28E5A00C28162 /* Products */;
			projectDirPath = "";
			projectRoot = "";
			targets = (
				681174852BF28E5A00C28162 /* emoji lover */,
				681174952BF28E5A00C28162 /* emoji loverTests */,
				6811749F2BF28E5A00C28162 /* emoji loverUITests */,
			);
		};
/* End PBXProject section */

/* Begin PBXResourcesBuildPhase section */
		681174842BF28E5A00C28162 /* Resources */ = {
			isa = PBXResourcesBuildPhase;
			buildActionMask = 2147483647;
			files = (
				681174912BF28E5A00C28162 /* Preview Assets.xcassets in Resources */,
				6811748E2BF28E5A00C28162 /* Assets.xcassets in Resources */,
			);
			runOnlyForDeploymentPostprocessing = 0;
		};
		681174942BF28E5A00C28162 /* Resources */ = {
			isa = PBXResourcesBuildPhase;
			buildActionMask = 2147483647;
			files = (
			);
			runOnlyForDeploymentPostprocessing = 0;
		};
		6811749E2BF28E5A00C28162 /* Resources */ = {
			isa = PBXResourcesBuildPhase;
			buildActionMask = 2147483647;
			files = (
			);
			runOnlyForDeploymentPostprocessing = 0;
		};
/* End PBXResourcesBuildPhase section */

/* Begin PBXSourcesBuildPhase section */
		681174822BF28E5A00C28162 /* Sources */ = {
			isa = PBXSourcesBuildPhase;
			buildActionMask = 2147483647;
			files = (
				6811748C2BF28E5A00C28162 /* ContentView.swift in Sources */,
				6811748A2BF28E5A00C28162 /* emoji_loverApp.swift in Sources */,
			);
			runOnlyForDeploymentPostprocessing = 0;
		};
		681174922BF28E5A00C28162 /* Sources */ = {
			isa = PBXSourcesBuildPhase;
			buildActionMask = 2147483647;
			files = (
				6811749B2BF28E5A00C28162 /* emoji_loverTests.swift in Sources */,
			);
			runOnlyForDeploymentPostprocessing = 0;
		};
		6811749C2BF28E5A00C28162 /* Sources */ = {
			isa = PBXSourcesBuildPhase;
			buildActionMask = 2147483647;
			files = (
				681174A72BF28E5A00C28162 /* emoji_loverUITestsLaunchTests.swift in Sources */,
				681174A52BF28E5A00C28162 /* emoji_loverUITests.swift in Sources */,
			);
			runOnlyForDeploymentPostprocessing = 0;
		};
/* End PBXSourcesBuildPhase section */

/* Begin PBXTargetDependency section */
		681174982BF28E5A00C28162 /* PBXTargetDependency */ = {
			isa = PBXTargetDependency;
			target = 681174852BF28E5A00C28162 /* emoji lover */;
			targetProxy = 681174972BF28E5A00C28162 /* PBXContainerItemProxy */;
		};
		681174A22BF28E5A00C28162 /* PBXTargetDependency */ = {
			isa = PBXTargetDependency;
			target = 681174852BF28E5A00C28162 /* emoji lover */;
			targetProxy = 681174A12BF28E5A00C28162 /* PBXContainerItemProxy */;
		};
/* End PBXTargetDependency section */

/* Begin XCBuildConfiguration section */
		681174A82BF28E5A00C28162 /* Debug */ = {
			isa = XCBuildConfiguration;
			buildSettings = {
				ALWAYS_SEARCH_USER_PATHS = NO;
				ASSETCATALOG_COMPILER_GENERATE_SWIFT_ASSET_SYMBOL_EXTENSIONS = YES;
				CLANG_ANALYZER_NONNULL = YES;
				CLANG_ANALYZER_NUMBER_OBJECT_CONVERSION = YES_AGGRESSIVE;
				CLANG_CXX_LANGUAGE_STANDARD = "gnu++20";
				CLANG_ENABLE_MODULES = YES;
				CLANG_ENABLE_OBJC_ARC = YES;
				CLANG_ENABLE_OBJC_WEAK = YES;
				CLANG_WARN_BLOCK_CAPTURE_AUTORELEASING = YES;
				CLANG_WARN_BOOL_CONVERSION = YES;
				CLANG_WARN_COMMA = YES;
				CLANG_WARN_CONSTANT_CONVERSION = YES;
				CLANG_WARN_DEPRECATED_OBJC_IMPLEMENTATIONS = YES;
				CLANG_WARN_DIRECT_OBJC_ISA_USAGE = YES_ERROR;
				CLANG_WARN_DOCUMENTATION_COMMENTS = YES;
				CLANG_WARN_EMPTY_BODY = YES;
				CLANG_WARN_ENUM_CONVERSION = YES;
				CLANG_WARN_INFINITE_RECURSION = YES;
				CLANG_WARN_INT_CONVERSION = YES;
				CLANG_WARN_NON_LITERAL_NULL_CONVERSION = YES;
				CLANG_WARN_OBJC_IMPLICIT_RETAIN_SELF = YES;
				CLANG_WARN_OBJC_LITERAL_CONVERSION = YES;
				CLANG_WARN_OBJC_ROOT_CLASS = YES_ERROR;
				CLANG_WARN_QUOTED_INCLUDE_IN_FRAMEWORK_HEADER = YES;
				CLANG_WARN_RANGE_LOOP_ANALYSIS = YES;
				CLANG_WARN_STRICT_PROTOTYPES = YES;
				CLANG_WARN_SUSPICIOUS_MOVE = YES;
				CLANG_WARN_UNGUARDED_AVAILABILITY = YES_AGGRESSIVE;
				CLANG_WARN_UNREACHABLE_CODE = YES;
				CLANG_WARN__DUPLICATE_METHOD_MATCH = YES;
				COPY_PHASE_STRIP = NO;
				DEBUG_INFORMATION_FORMAT = dwarf;
				ENABLE_STRICT_OBJC_MSGSEND = YES;
				ENABLE_TESTABILITY = YES;
				ENABLE_USER_SCRIPT_SANDBOXING = YES;
				GCC_C_LANGUAGE_STANDARD = gnu17;
				GCC_DYNAMIC_NO_PIC = NO;
				GCC_NO_COMMON_BLOCKS = YES;
				GCC_OPTIMIZATION_LEVEL = 0;
				GCC_PREPROCESSOR_DEFINITIONS = (
					"DEBUG=1",
					"$(inherited)",
				);
				GCC_WARN_64_TO_32_BIT_CONVERSION = YES;
				GCC_WARN_ABOUT_RETURN_TYPE = YES_ERROR;
				GCC_WARN_UNDECLARED_SELECTOR = YES;
				GCC_WARN_UNINITIALIZED_AUTOS = YES_AGGRESSIVE;
				GCC_WARN_UNUSED_FUNCTION = YES;
				GCC_WARN_UNUSED_VARIABLE = YES;
				IPHONEOS_DEPLOYMENT_TARGET = 17.4;
				LOCALIZATION_PREFERS_STRING_CATALOGS = YES;
				MTL_ENABLE_DEBUG_INFO = INCLUDE_SOURCE;
				MTL_FAST_MATH = YES;
				ONLY_ACTIVE_ARCH = YES;
				SDKROOT = iphoneos;
				SWIFT_ACTIVE_COMPILATION_CONDITIONS = "DEBUG $(inherited)";
				SWIFT_OPTIMIZATION_LEVEL = "-Onone";
			};
			name = Debug;
		};
		681174A92BF28E5A00C28162 /* Release */ = {
			isa = XCBuildConfiguration;
			buildSettings = {
				ALWAYS_SEARCH_USER_PATHS = NO;
				ASSETCATALOG_COMPILER_GENERATE_SWIFT_ASSET_SYMBOL_EXTENSIONS = YES;
				CLANG_ANALYZER_NONNULL = YES;
				CLANG_ANALYZER_NUMBER_OBJECT_CONVERSION = YES_AGGRESSIVE;
				CLANG_CXX_LANGUAGE_STANDARD = "gnu++20";
				CLANG_ENABLE_MODULES = YES;
				CLANG_ENABLE_OBJC_ARC = YES;
				CLANG_ENABLE_OBJC_WEAK = YES;
				CLANG_WARN_BLOCK_CAPTURE_AUTORELEASING = YES;
				CLANG_WARN_BOOL_CONVERSION = YES;
				CLANG_WARN_COMMA = YES;
				CLANG_WARN_CONSTANT_CONVERSION = YES;
				CLANG_WARN_DEPRECATED_OBJC_IMPLEMENTATIONS = YES;
				CLANG_WARN_DIRECT_OBJC_ISA_USAGE = YES_ERROR;
				CLANG_WARN_DOCUMENTATION_COMMENTS = YES;
				CLANG_WARN_EMPTY_BODY = YES;
				CLANG_WARN_ENUM_CONVERSION = YES;
				CLANG_WARN_INFINITE_RECURSION = YES;
				CLANG_WARN_INT_CONVERSION = YES;
				CLANG_WARN_NON_LITERAL_NULL_CONVERSION = YES;
				CLANG_WARN_OBJC_IMPLICIT_RETAIN_SELF = YES;
				CLANG_WARN_OBJC_LITERAL_CONVERSION = YES;
				CLANG_WARN_OBJC_ROOT_CLASS = YES_ERROR;
				CLANG_WARN_QUOTED_INCLUDE_IN_FRAMEWORK_HEADER = YES;
				CLANG_WARN_RANGE_LOOP_ANALYSIS = YES;
				CLANG_WARN_STRICT_PROTOTYPES = YES;
				CLANG_WARN_SUSPICIOUS_MOVE = YES;
				CLANG_WARN_UNGUARDED_AVAILABILITY = YES_AGGRESSIVE;
				CLANG_WARN_UNREACHABLE_CODE = YES;
				CLANG_WARN__DUPLICATE_METHOD_MATCH = YES;
				COPY_PHASE_STRIP = NO;
				DEBUG_INFORMATION_FORMAT = "dwarf-with-dsym";
				ENABLE_NS_ASSERTIONS = NO;
				ENABLE_STRICT_OBJC_MSGSEND = YES;
				ENABLE_USER_SCRIPT_SANDBOXING = YES;
				GCC_C_LANGUAGE_STANDARD = gnu17;
				GCC_NO_COMMON_BLOCKS = YES;
				GCC_WARN_64_TO_32_BIT_CONVERSION = YES;
				GCC_WARN_ABOUT_RETURN_TYPE = YES_ERROR;
				GCC_WARN_UNDECLARED_SELECTOR = YES;
				GCC_WARN_UNINITIALIZED_AUTOS = YES_AGGRESSIVE;
				GCC_WARN_UNUSED_FUNCTION = YES;
				GCC_WARN_UNUSED_VARIABLE = YES;
				IPHONEOS_DEPLOYMENT_TARGET = 17.4;
				LOCALIZATION_PREFERS_STRING_CATALOGS = YES;
				MTL_ENABLE_DEBUG_INFO = NO;
				MTL_FAST_MATH = YES;
				SDKROOT = iphoneos;
				SWIFT_COMPILATION_MODE = wholemodule;
				VALIDATE_PRODUCT = YES;
			};
			name = Release;
		};
		681174AB2BF28E5A00C28162 /* Debug */ = {
			isa = XCBuildConfiguration;
			buildSettings = {
				ASSETCATALOG_COMPILER_APPICON_NAME = AppIcon;
				ASSETCATALOG_COMPILER_GLOBAL_ACCENT_COLOR_NAME = AccentColor;
				CODE_SIGN_STYLE = Automatic;
				CURRENT_PROJECT_VERSION = 1;
				DEVELOPMENT_ASSET_PATHS = "\"emoji lover/Preview Content\"";
				DEVELOPMENT_TEAM = 268U2NPG5Y;
				ENABLE_PREVIEWS = YES;
				GENERATE_INFOPLIST_FILE = YES;
				INFOPLIST_KEY_UIApplicationSceneManifest_Generation = YES;
				INFOPLIST_KEY_UIApplicationSupportsIndirectInputEvents = YES;
				INFOPLIST_KEY_UILaunchScreen_Generation = YES;
				INFOPLIST_KEY_UISupportedInterfaceOrientations_iPad = "UIInterfaceOrientationPortrait UIInterfaceOrientationPortraitUpsideDown UIInterfaceOrientationLandscapeLeft UIInterfaceOrientationLandscapeRight";
				INFOPLIST_KEY_UISupportedInterfaceOrientations_iPhone = "UIInterfaceOrientationPortrait UIInterfaceOrientationLandscapeLeft UIInterfaceOrientationLandscapeRight";
				LD_RUNPATH_SEARCH_PATHS = (
					"$(inherited)",
					"@executable_path/Frameworks",
				);
				MARKETING_VERSION = 1.0;
				PRODUCT_BUNDLE_IDENTIFIER = "com.akastudios.emoji-lover";
				PRODUCT_NAME = "$(TARGET_NAME)";
				SWIFT_EMIT_LOC_STRINGS = YES;
				SWIFT_VERSION = 5.0;
				TARGETED_DEVICE_FAMILY = "1,2";
			};
			name = Debug;
		};
		681174AC2BF28E5A00C28162 /* Release */ = {
			isa = XCBuildConfiguration;
			buildSettings = {
				ASSETCATALOG_COMPILER_APPICON_NAME = AppIcon;
				ASSETCATALOG_COMPILER_GLOBAL_ACCENT_COLOR_NAME = AccentColor;
				CODE_SIGN_STYLE = Automatic;
				CURRENT_PROJECT_VERSION = 1;
				DEVELOPMENT_ASSET_PATHS = "\"emoji lover/Preview Content\"";
				DEVELOPMENT_TEAM = 268U2NPG5Y;
				ENABLE_PREVIEWS = YES;
				GENERATE_INFOPLIST_FILE = YES;
				INFOPLIST_KEY_UIApplicationSceneManifest_Generation = YES;
				INFOPLIST_KEY_UIApplicationSupportsIndirectInputEvents = YES;
				INFOPLIST_KEY_UILaunchScreen_Generation = YES;
				INFOPLIST_KEY_UISupportedInterfaceOrientations_iPad = "UIInterfaceOrientationPortrait UIInterfaceOrientationPortraitUpsideDown UIInterfaceOrientationLandscapeLeft UIInterfaceOrientationLandscapeRight";
				INFOPLIST_KEY_UISupportedInterfaceOrientations_iPhone = "UIInterfaceOrientationPortrait UIInterfaceOrientationLandscapeLeft UIInterfaceOrientationLandscapeRight";
				LD_RUNPATH_SEARCH_PATHS = (
					"$(inherited)",
					"@executable_path/Frameworks",
				);
				MARKETING_VERSION = 1.0;
				PRODUCT_BUNDLE_IDENTIFIER = "com.akastudios.emoji-lover";
				PRODUCT_NAME = "$(TARGET_NAME)";
				SWIFT_EMIT_LOC_STRINGS = YES;
				SWIFT_VERSION = 5.0;
				TARGETED_DEVICE_FAMILY = "1,2";
			};
			name = Release;
		};
		681174AE2BF28E5A00C28162 /* Debug */ = {
			isa = XCBuildConfiguration;
			buildSettings = {
				ALWAYS_EMBED_SWIFT_STANDARD_LIBRARIES = YES;
				BUNDLE_LOADER = "$(TEST_HOST)";
				CODE_SIGN_STYLE = Automatic;
				CURRENT_PROJECT_VERSION = 1;
				DEVELOPMENT_TEAM = 268U2NPG5Y;
				GENERATE_INFOPLIST_FILE = YES;
				IPHONEOS_DEPLOYMENT_TARGET = 17.4;
				MARKETING_VERSION = 1.0;
				PRODUCT_BUNDLE_IDENTIFIER = "com.akastudios.emoji-loverTests";
				PRODUCT_NAME = "$(TARGET_NAME)";
				SWIFT_EMIT_LOC_STRINGS = NO;
				SWIFT_VERSION = 5.0;
				TARGETED_DEVICE_FAMILY = "1,2";
				TEST_HOST = "$(BUILT_PRODUCTS_DIR)/emoji lover.app/$(BUNDLE_EXECUTABLE_FOLDER_PATH)/emoji lover";
			};
			name = Debug;
		};
		681174AF2BF28E5A00C28162 /* Release */ = {
			isa = XCBuildConfiguration;
			buildSettings = {
				ALWAYS_EMBED_SWIFT_STANDARD_LIBRARIES = YES;
				BUNDLE_LOADER = "$(TEST_HOST)";
				CODE_SIGN_STYLE = Automatic;
				CURRENT_PROJECT_VERSION = 1;
				DEVELOPMENT_TEAM = 268U2NPG5Y;
				GENERATE_INFOPLIST_FILE = YES;
				IPHONEOS_DEPLOYMENT_TARGET = 17.4;
				MARKETING_VERSION = 1.0;
				PRODUCT_BUNDLE_IDENTIFIER = "com.akastudios.emoji-loverTests";
				PRODUCT_NAME = "$(TARGET_NAME)";
				SWIFT_EMIT_LOC_STRINGS = NO;
				SWIFT_VERSION = 5.0;
				TARGETED_DEVICE_FAMILY = "1,2";
				TEST_HOST = "$(BUILT_PRODUCTS_DIR)/emoji lover.app/$(BUNDLE_EXECUTABLE_FOLDER_PATH)/emoji lover";
			};
			name = Release;
		};
		681174B12BF28E5A00C28162 /* Debug */ = {
			isa = XCBuildConfiguration;
			buildSettings = {
				ALWAYS_EMBED_SWIFT_STANDARD_LIBRARIES = YES;
				CODE_SIGN_STYLE = Automatic;
				CURRENT_PROJECT_VERSION = 1;
				DEVELOPMENT_TEAM = 268U2NPG5Y;
				GENERATE_INFOPLIST_FILE = YES;
				MARKETING_VERSION = 1.0;
				PRODUCT_BUNDLE_IDENTIFIER = "com.akastudios.emoji-loverUITests";
				PRODUCT_NAME = "$(TARGET_NAME)";
				SWIFT_EMIT_LOC_STRINGS = NO;
				SWIFT_VERSION = 5.0;
				TARGETED_DEVICE_FAMILY = "1,2";
				TEST_TARGET_NAME = "emoji lover";
			};
			name = Debug;
		};
		681174B22BF28E5A00C28162 /* Release */ = {
			isa = XCBuildConfiguration;
			buildSettings = {
				ALWAYS_EMBED_SWIFT_STANDARD_LIBRARIES = YES;
				CODE_SIGN_STYLE = Automatic;
				CURRENT_PROJECT_VERSION = 1;
				DEVELOPMENT_TEAM = 268U2NPG5Y;
				GENERATE_INFOPLIST_FILE = YES;
				MARKETING_VERSION = 1.0;
				PRODUCT_BUNDLE_IDENTIFIER = "com.akastudios.emoji-loverUITests";
				PRODUCT_NAME = "$(TARGET_NAME)";
				SWIFT_EMIT_LOC_STRINGS = NO;
				SWIFT_VERSION = 5.0;
				TARGETED_DEVICE_FAMILY = "1,2";
				TEST_TARGET_NAME = "emoji lover";
			};
			name = Release;
		};
/* End XCBuildConfiguration section */

/* Begin XCConfigurationList section */
		681174812BF28E5A00C28162 /* Build configuration list for PBXProject "emoji lover" */ = {
			isa = XCConfigurationList;
			buildConfigurations = (
				681174A82BF28E5A00C28162 /* Debug */,
				681174A92BF28E5A00C28162 /* Release */,
			);
			defaultConfigurationIsVisible = 0;
			defaultConfigurationName = Release;
		};
		681174AA2BF28E5A00C28162 /* Build configuration list for PBXNativeTarget "emoji lover" */ = {
			isa = XCConfigurationList;
			buildConfigurations = (
				681174AB2BF28E5A00C28162 /* Debug */,
				681174AC2BF28E5A00C28162 /* Release */,
			);
			defaultConfigurationIsVisible = 0;
			defaultConfigurationName = Release;
		};
		681174AD2BF28E5A00C28162 /* Build configuration list for PBXNativeTarget "emoji loverTests" */ = {
			isa = XCConfigurationList;
			buildConfigurations = (
				681174AE2BF28E5A00C28162 /* Debug */,
				681174AF2BF28E5A00C28162 /* Release */,
			);
			defaultConfigurationIsVisible = 0;
			defaultConfigurationName = Release;
		};
		681174B02BF28E5A00C28162 /* Build configuration list for PBXNativeTarget "emoji loverUITests" */ = {
			isa = XCConfigurationList;
			buildConfigurations = (
				681174B12BF28E5A00C28162 /* Debug */,
				681174B22BF28E5A00C28162 /* Release */,
			);
			defaultConfigurationIsVisible = 0;
			defaultConfigurationName = Release;
		};
/* End XCConfigurationList section */
	};
	rootObject = 6811747E2BF28E5A00C28162 /* Project object */;
}
